
Microsoft Visual Studio Solution File, Format Version 12.00
# Visual Studio Version 16
VisualStudioVersion = 16.0.29215.179
MinimumVisualStudioVersion = 10.0.40219.1
Project("{2150E333-8FDC-42A3-9474-1A3956D46DE8}") = "src", "src", "{529E3A12-427B-447F-9B31-B3637F326426}"
EndProject
Project("{2150E333-8FDC-42A3-9474-1A3956D46DE8}") = "Presentation", "Presentation", "{BFFAF7C3-5D06-40A8-B2F4-1279A707AADA}"
EndProject
Project("{2150E333-8FDC-42A3-9474-1A3956D46DE8}") = "Core", "Core", "{F2C659CB-C98D-4D72-84D3-3EFE66BB882C}"
EndProject
Project("{9A19103F-16F7-4668-BE54-9A1E7A4F7556}") = "Domain", "Domain\Domain.csproj", "{2D313D62-0692-4CD1-9039-01589B7AB29E}"
EndProject
Project("{9A19103F-16F7-4668-BE54-9A1E7A4F7556}") = "Application", "Application\Application.csproj", "{5BA5861B-0F0C-4C22-A86D-0C61675FA080}"
EndProject
Project("{9A19103F-16F7-4668-BE54-9A1E7A4F7556}") = "Persistense", "Persistense\Persistense.csproj", "{94150B37-F693-4B60-B85A-16BD88B54671}"
EndProject
Project("{9A19103F-16F7-4668-BE54-9A1E7A4F7556}") = "Web", "Web\Web.csproj", "{56DC4BDF-7F91-4376-9E7F-C386C43B7129}"
EndProject
Project("{9A19103F-16F7-4668-BE54-9A1E7A4F7556}") = "Infrastructure", "Infrastructure\Infrastructure.csproj", "{803FBB7A-9F8C-4FDA-AEA2-8F67FC74A131}"
EndProject
Project("{2150E333-8FDC-42A3-9474-1A3956D46DE8}") = "Infrastructure", "Infrastructure", "{378FBC6B-B33E-41A8-B578-E89D4FE9177E}"
EndProject
Global
	GlobalSection(SolutionConfigurationPlatforms) = preSolution
		Debug|Any CPU = Debug|Any CPU
		Release|Any CPU = Release|Any CPU
	EndGlobalSection
	GlobalSection(ProjectConfigurationPlatforms) = postSolution
		{2D313D62-0692-4CD1-9039-01589B7AB29E}.Debug|Any CPU.ActiveCfg = Debug|Any CPU
		{2D313D62-0692-4CD1-9039-01589B7AB29E}.Debug|Any CPU.Build.0 = Debug|Any CPU
		{2D313D62-0692-4CD1-9039-01589B7AB29E}.Release|Any CPU.ActiveCfg = Release|Any CPU
		{2D313D62-0692-4CD1-9039-01589B7AB29E}.Release|Any CPU.Build.0 = Release|Any CPU
		{5BA5861B-0F0C-4C22-A86D-0C61675FA080}.Debug|Any CPU.ActiveCfg = Debug|Any CPU
		{5BA5861B-0F0C-4C22-A86D-0C61675FA080}.Debug|Any CPU.Build.0 = Debug|Any CPU
		{5BA5861B-0F0C-4C22-A86D-0C61675FA080}.Release|Any CPU.ActiveCfg = Release|Any CPU
		{5BA5861B-0F0C-4C22-A86D-0C61675FA080}.Release|Any CPU.Build.0 = Release|Any CPU
		{94150B37-F693-4B60-B85A-16BD88B54671}.Debug|Any CPU.ActiveCfg = Debug|Any CPU
		{94150B37-F693-4B60-B85A-16BD88B54671}.Debug|Any CPU.Build.0 = Debug|Any CPU
		{94150B37-F693-4B60-B85A-16BD88B54671}.Release|Any CPU.ActiveCfg = Release|Any CPU
		{94150B37-F693-4B60-B85A-16BD88B54671}.Release|Any CPU.Build.0 = Release|Any CPU
		{56DC4BDF-7F91-4376-9E7F-C386C43B7129}.Debug|Any CPU.ActiveCfg = Debug|Any CPU
		{56DC4BDF-7F91-4376-9E7F-C386C43B7129}.Debug|Any CPU.Build.0 = Debug|Any CPU
		{56DC4BDF-7F91-4376-9E7F-C386C43B7129}.Release|Any CPU.ActiveCfg = Release|Any CPU
		{56DC4BDF-7F91-4376-9E7F-C386C43B7129}.Release|Any CPU.Build.0 = Release|Any CPU
		{803FBB7A-9F8C-4FDA-AEA2-8F67FC74A131}.Debug|Any CPU.ActiveCfg = Debug|Any CPU
		{803FBB7A-9F8C-4FDA-AEA2-8F67FC74A131}.Debug|Any CPU.Build.0 = Debug|Any CPU
		{803FBB7A-9F8C-4FDA-AEA2-8F67FC74A131}.Release|Any CPU.ActiveCfg = Release|Any CPU
		{803FBB7A-9F8C-4FDA-AEA2-8F67FC74A131}.Release|Any CPU.Build.0 = Release|Any CPU
	EndGlobalSection
	GlobalSection(SolutionProperties) = preSolution
		HideSolutionNode = FALSE
	EndGlobalSection
	GlobalSection(NestedProjects) = preSolution
		{BFFAF7C3-5D06-40A8-B2F4-1279A707AADA} = {529E3A12-427B-447F-9B31-B3637F326426}
		{F2C659CB-C98D-4D72-84D3-3EFE66BB882C} = {529E3A12-427B-447F-9B31-B3637F326426}
		{2D313D62-0692-4CD1-9039-01589B7AB29E} = {F2C659CB-C98D-4D72-84D3-3EFE66BB882C}
		{5BA5861B-0F0C-4C22-A86D-0C61675FA080} = {F2C659CB-C98D-4D72-84D3-3EFE66BB882C}
		{94150B37-F693-4B60-B85A-16BD88B54671} = {378FBC6B-B33E-41A8-B578-E89D4FE9177E}
		{56DC4BDF-7F91-4376-9E7F-C386C43B7129} = {BFFAF7C3-5D06-40A8-B2F4-1279A707AADA}
		{803FBB7A-9F8C-4FDA-AEA2-8F67FC74A131} = {378FBC6B-B33E-41A8-B578-E89D4FE9177E}
		{378FBC6B-B33E-41A8-B578-E89D4FE9177E} = {529E3A12-427B-447F-9B31-B3637F326426}
	EndGlobalSection
	GlobalSection(ExtensibilityGlobals) = postSolution
		SolutionGuid = {6425B622-F8DA-4373-8332-20B1151E7399}
	EndGlobalSection
EndGlobal
